
Microsoft Visual Studio Solution File, Format Version 12.00
# Visual Studio Version 17
VisualStudioVersion = 17.1.32319.34
MinimumVisualStudioVersion = 10.0.40219.1
Project("{FAE04EC0-301F-11D3-BF4B-00C04F79EFBC}") = "emu", "emu\emu.csproj", "{BD24817F-1C73-4FE3-A2AC-05394C741550}"
EndProject
Global
	GlobalSection(SolutionConfigurationPlatforms) = preSolution
		Debug|Any CPU = Debug|Any CPU
		Release|Any CPU = Release|Any CPU
	EndGlobalSection
	GlobalSection(ProjectConfigurationPlatforms) = postSolution
		{BD24817F-1C73-4FE3-A2AC-05394C741550}.Debug|Any CPU.ActiveCfg = Debug|Any CPU
		{BD24817F-1C73-4FE3-A2AC-05394C741550}.Debug|Any CPU.Build.0 = Debug|Any CPU
		{BD24817F-1C73-4FE3-A2AC-05394C741550}.Release|Any CPU.ActiveCfg = Release|Any CPU
		{BD24817F-1C73-4FE3-A2AC-05394C741550}.Release|Any CPU.Build.0 = Release|Any CPU
	EndGlobalSection
	GlobalSection(SolutionProperties) = preSolution
		HideSolutionNode = FALSE
	EndGlobalSection
	GlobalSection(ExtensibilityGlobals) = postSolution
		SolutionGuid = {03BFE629-7060-4171-B02F-2D9C62218886}
	EndGlobalSection
EndGlobal
