
Microsoft Visual Studio Solution File, Format Version 12.00
# Visual Studio 2012
Project("{FAE04EC0-301F-11D3-BF4B-00C04F79EFBC}") = "SphServer", "SphServer.csproj", "{1614BE6D-811E-499B-9A1A-9DCA77CBDB5E}"
EndProject
Project("{FAE04EC0-301F-11D3-BF4B-00C04F79EFBC}") = "ObjectPacketTools", ".solutions\ObjectPacketTools\ObjectPacketTools.csproj", "{F2C79772-6CEF-43EE-9BB6-F48C21FE4F57}"
EndProject
Project("{FAE04EC0-301F-11D3-BF4B-00C04F79EFBC}") = "SphEntities", ".solutions\SphEntities\SphEntities.csproj", "{90061221-D7ED-461C-8925-B0BDE819AB25}"
EndProject
Project("{FAE04EC0-301F-11D3-BF4B-00C04F79EFBC}") = "SphereHelpers", ".solutions\SphereHelpers\SphereHelpers.csproj", "{42E350A7-7AB7-40A9-A1A4-D36359220E5D}"
EndProject
Project("{FAE04EC0-301F-11D3-BF4B-00C04F79EFBC}") = "SphGameObject", ".solutions\SphGameObject\SphGameObject.csproj", "{66DE3090-BC9B-436E-9156-7CC8EAB0B83A}"
EndProject
Project("{FAE04EC0-301F-11D3-BF4B-00C04F79EFBC}") = "SphObjectDb", ".solutions\SphObjectDb\SphObjectDb.csproj", "{74B41870-2666-49E5-AA65-B0F6C6A8F53E}"
EndProject
Project("{2150E333-8FDC-42A3-9474-1A3956D46DE8}") = "Tools", "Tools", "{07C2787E-EAC7-C090-1BA3-A61EC2A24D84}"
EndProject
Project("{FAE04EC0-301F-11D3-BF4B-00C04F79EFBC}") = "NpcSpawnTscnWriter", "Tools\NpcSpawnTscnWriter\NpcSpawnTscnWriter.csproj", "{1C525797-6215-4E6B-B66B-7273F137F981}"
EndProject
Project("{FAE04EC0-301F-11D3-BF4B-00C04F79EFBC}") = "MbdConverter", "Tools\MbdConverter\MbdConverter.csproj", "{67F2F205-26DC-4F9D-8923-A9BBE592DC83}"
EndProject
Global
	GlobalSection(SolutionConfigurationPlatforms) = preSolution
		Debug|Any CPU = Debug|Any CPU
		Debug|x64 = Debug|x64
		Debug|x86 = Debug|x86
		ExportDebug|Any CPU = ExportDebug|Any CPU
		ExportDebug|x64 = ExportDebug|x64
		ExportDebug|x86 = ExportDebug|x86
		ExportRelease|Any CPU = ExportRelease|Any CPU
		ExportRelease|x64 = ExportRelease|x64
		ExportRelease|x86 = ExportRelease|x86
		Release|Any CPU = Release|Any CPU
		Release|x64 = Release|x64
		Release|x86 = Release|x86
	EndGlobalSection
	GlobalSection(ProjectConfigurationPlatforms) = postSolution
		{1614BE6D-811E-499B-9A1A-9DCA77CBDB5E}.Debug|Any CPU.ActiveCfg = Debug|Any CPU
		{1614BE6D-811E-499B-9A1A-9DCA77CBDB5E}.Debug|Any CPU.Build.0 = Debug|Any CPU
		{1614BE6D-811E-499B-9A1A-9DCA77CBDB5E}.Debug|x64.ActiveCfg = Debug|Any CPU
		{1614BE6D-811E-499B-9A1A-9DCA77CBDB5E}.Debug|x64.Build.0 = Debug|Any CPU
		{1614BE6D-811E-499B-9A1A-9DCA77CBDB5E}.Debug|x86.ActiveCfg = Debug|Any CPU
		{1614BE6D-811E-499B-9A1A-9DCA77CBDB5E}.Debug|x86.Build.0 = Debug|Any CPU
		{1614BE6D-811E-499B-9A1A-9DCA77CBDB5E}.ExportDebug|Any CPU.ActiveCfg = ExportDebug|Any CPU
		{1614BE6D-811E-499B-9A1A-9DCA77CBDB5E}.ExportDebug|Any CPU.Build.0 = ExportDebug|Any CPU
		{1614BE6D-811E-499B-9A1A-9DCA77CBDB5E}.ExportDebug|x64.ActiveCfg = ExportDebug|Any CPU
		{1614BE6D-811E-499B-9A1A-9DCA77CBDB5E}.ExportDebug|x64.Build.0 = ExportDebug|Any CPU
		{1614BE6D-811E-499B-9A1A-9DCA77CBDB5E}.ExportDebug|x86.ActiveCfg = ExportDebug|Any CPU
		{1614BE6D-811E-499B-9A1A-9DCA77CBDB5E}.ExportDebug|x86.Build.0 = ExportDebug|Any CPU
		{1614BE6D-811E-499B-9A1A-9DCA77CBDB5E}.ExportRelease|Any CPU.ActiveCfg = ExportRelease|Any CPU
		{1614BE6D-811E-499B-9A1A-9DCA77CBDB5E}.ExportRelease|Any CPU.Build.0 = ExportRelease|Any CPU
		{1614BE6D-811E-499B-9A1A-9DCA77CBDB5E}.ExportRelease|x64.ActiveCfg = ExportRelease|Any CPU
		{1614BE6D-811E-499B-9A1A-9DCA77CBDB5E}.ExportRelease|x64.Build.0 = ExportRelease|Any CPU
		{1614BE6D-811E-499B-9A1A-9DCA77CBDB5E}.ExportRelease|x86.ActiveCfg = ExportRelease|Any CPU
		{1614BE6D-811E-499B-9A1A-9DCA77CBDB5E}.ExportRelease|x86.Build.0 = ExportRelease|Any CPU
		{1614BE6D-811E-499B-9A1A-9DCA77CBDB5E}.Release|Any CPU.ActiveCfg = Release|Any CPU
		{1614BE6D-811E-499B-9A1A-9DCA77CBDB5E}.Release|Any CPU.Build.0 = Release|Any CPU
		{1614BE6D-811E-499B-9A1A-9DCA77CBDB5E}.Release|x64.ActiveCfg = Release|Any CPU
		{1614BE6D-811E-499B-9A1A-9DCA77CBDB5E}.Release|x64.Build.0 = Release|Any CPU
		{1614BE6D-811E-499B-9A1A-9DCA77CBDB5E}.Release|x86.ActiveCfg = Release|Any CPU
		{1614BE6D-811E-499B-9A1A-9DCA77CBDB5E}.Release|x86.Build.0 = Release|Any CPU
		{F2C79772-6CEF-43EE-9BB6-F48C21FE4F57}.Debug|Any CPU.ActiveCfg = Debug|Any CPU
		{F2C79772-6CEF-43EE-9BB6-F48C21FE4F57}.Debug|Any CPU.Build.0 = Debug|Any CPU
		{F2C79772-6CEF-43EE-9BB6-F48C21FE4F57}.Debug|x64.ActiveCfg = Debug|Any CPU
		{F2C79772-6CEF-43EE-9BB6-F48C21FE4F57}.Debug|x64.Build.0 = Debug|Any CPU
		{F2C79772-6CEF-43EE-9BB6-F48C21FE4F57}.Debug|x86.ActiveCfg = Debug|Any CPU
		{F2C79772-6CEF-43EE-9BB6-F48C21FE4F57}.Debug|x86.Build.0 = Debug|Any CPU
		{F2C79772-6CEF-43EE-9BB6-F48C21FE4F57}.ExportDebug|Any CPU.ActiveCfg = Debug|Any CPU
		{F2C79772-6CEF-43EE-9BB6-F48C21FE4F57}.ExportDebug|Any CPU.Build.0 = Debug|Any CPU
		{F2C79772-6CEF-43EE-9BB6-F48C21FE4F57}.ExportDebug|x64.ActiveCfg = ExportDebug|Any CPU
		{F2C79772-6CEF-43EE-9BB6-F48C21FE4F57}.ExportDebug|x64.Build.0 = ExportDebug|Any CPU
		{F2C79772-6CEF-43EE-9BB6-F48C21FE4F57}.ExportDebug|x86.ActiveCfg = ExportDebug|Any CPU
		{F2C79772-6CEF-43EE-9BB6-F48C21FE4F57}.ExportDebug|x86.Build.0 = ExportDebug|Any CPU
		{F2C79772-6CEF-43EE-9BB6-F48C21FE4F57}.ExportRelease|Any CPU.ActiveCfg = Debug|Any CPU
		{F2C79772-6CEF-43EE-9BB6-F48C21FE4F57}.ExportRelease|Any CPU.Build.0 = Debug|Any CPU
		{F2C79772-6CEF-43EE-9BB6-F48C21FE4F57}.ExportRelease|x64.ActiveCfg = ExportRelease|Any CPU
		{F2C79772-6CEF-43EE-9BB6-F48C21FE4F57}.ExportRelease|x64.Build.0 = ExportRelease|Any CPU
		{F2C79772-6CEF-43EE-9BB6-F48C21FE4F57}.ExportRelease|x86.ActiveCfg = ExportRelease|Any CPU
		{F2C79772-6CEF-43EE-9BB6-F48C21FE4F57}.ExportRelease|x86.Build.0 = ExportRelease|Any CPU
		{F2C79772-6CEF-43EE-9BB6-F48C21FE4F57}.Release|Any CPU.ActiveCfg = Release|Any CPU
		{F2C79772-6CEF-43EE-9BB6-F48C21FE4F57}.Release|Any CPU.Build.0 = Release|Any CPU
		{F2C79772-6CEF-43EE-9BB6-F48C21FE4F57}.Release|x64.ActiveCfg = Release|Any CPU
		{F2C79772-6CEF-43EE-9BB6-F48C21FE4F57}.Release|x64.Build.0 = Release|Any CPU
		{F2C79772-6CEF-43EE-9BB6-F48C21FE4F57}.Release|x86.ActiveCfg = Release|Any CPU
		{F2C79772-6CEF-43EE-9BB6-F48C21FE4F57}.Release|x86.Build.0 = Release|Any CPU
		{90061221-D7ED-461C-8925-B0BDE819AB25}.Debug|Any CPU.ActiveCfg = Debug|Any CPU
		{90061221-D7ED-461C-8925-B0BDE819AB25}.Debug|Any CPU.Build.0 = Debug|Any CPU
		{90061221-D7ED-461C-8925-B0BDE819AB25}.Debug|x64.ActiveCfg = Debug|Any CPU
		{90061221-D7ED-461C-8925-B0BDE819AB25}.Debug|x64.Build.0 = Debug|Any CPU
		{90061221-D7ED-461C-8925-B0BDE819AB25}.Debug|x86.ActiveCfg = Debug|Any CPU
		{90061221-D7ED-461C-8925-B0BDE819AB25}.Debug|x86.Build.0 = Debug|Any CPU
		{90061221-D7ED-461C-8925-B0BDE819AB25}.ExportDebug|Any CPU.ActiveCfg = Debug|Any CPU
		{90061221-D7ED-461C-8925-B0BDE819AB25}.ExportDebug|Any CPU.Build.0 = Debug|Any CPU
		{90061221-D7ED-461C-8925-B0BDE819AB25}.ExportDebug|x64.ActiveCfg = ExportDebug|Any CPU
		{90061221-D7ED-461C-8925-B0BDE819AB25}.ExportDebug|x64.Build.0 = ExportDebug|Any CPU
		{90061221-D7ED-461C-8925-B0BDE819AB25}.ExportDebug|x86.ActiveCfg = ExportDebug|Any CPU
		{90061221-D7ED-461C-8925-B0BDE819AB25}.ExportDebug|x86.Build.0 = ExportDebug|Any CPU
		{90061221-D7ED-461C-8925-B0BDE819AB25}.ExportRelease|Any CPU.ActiveCfg = Debug|Any CPU
		{90061221-D7ED-461C-8925-B0BDE819AB25}.ExportRelease|Any CPU.Build.0 = Debug|Any CPU
		{90061221-D7ED-461C-8925-B0BDE819AB25}.ExportRelease|x64.ActiveCfg = ExportRelease|Any CPU
		{90061221-D7ED-461C-8925-B0BDE819AB25}.ExportRelease|x64.Build.0 = ExportRelease|Any CPU
		{90061221-D7ED-461C-8925-B0BDE819AB25}.ExportRelease|x86.ActiveCfg = ExportRelease|Any CPU
		{90061221-D7ED-461C-8925-B0BDE819AB25}.ExportRelease|x86.Build.0 = ExportRelease|Any CPU
		{90061221-D7ED-461C-8925-B0BDE819AB25}.Release|Any CPU.ActiveCfg = Release|Any CPU
		{90061221-D7ED-461C-8925-B0BDE819AB25}.Release|Any CPU.Build.0 = Release|Any CPU
		{90061221-D7ED-461C-8925-B0BDE819AB25}.Release|x64.ActiveCfg = Release|Any CPU
		{90061221-D7ED-461C-8925-B0BDE819AB25}.Release|x64.Build.0 = Release|Any CPU
		{90061221-D7ED-461C-8925-B0BDE819AB25}.Release|x86.ActiveCfg = Release|Any CPU
		{90061221-D7ED-461C-8925-B0BDE819AB25}.Release|x86.Build.0 = Release|Any CPU
		{42E350A7-7AB7-40A9-A1A4-D36359220E5D}.Debug|Any CPU.ActiveCfg = Debug|Any CPU
		{42E350A7-7AB7-40A9-A1A4-D36359220E5D}.Debug|Any CPU.Build.0 = Debug|Any CPU
		{42E350A7-7AB7-40A9-A1A4-D36359220E5D}.Debug|x64.ActiveCfg = Debug|Any CPU
		{42E350A7-7AB7-40A9-A1A4-D36359220E5D}.Debug|x64.Build.0 = Debug|Any CPU
		{42E350A7-7AB7-40A9-A1A4-D36359220E5D}.Debug|x86.ActiveCfg = Debug|Any CPU
		{42E350A7-7AB7-40A9-A1A4-D36359220E5D}.Debug|x86.Build.0 = Debug|Any CPU
		{42E350A7-7AB7-40A9-A1A4-D36359220E5D}.ExportDebug|Any CPU.ActiveCfg = Debug|Any CPU
		{42E350A7-7AB7-40A9-A1A4-D36359220E5D}.ExportDebug|Any CPU.Build.0 = Debug|Any CPU
		{42E350A7-7AB7-40A9-A1A4-D36359220E5D}.ExportDebug|x64.ActiveCfg = ExportDebug|Any CPU
		{42E350A7-7AB7-40A9-A1A4-D36359220E5D}.ExportDebug|x64.Build.0 = ExportDebug|Any CPU
		{42E350A7-7AB7-40A9-A1A4-D36359220E5D}.ExportDebug|x86.ActiveCfg = ExportDebug|Any CPU
		{42E350A7-7AB7-40A9-A1A4-D36359220E5D}.ExportDebug|x86.Build.0 = ExportDebug|Any CPU
		{42E350A7-7AB7-40A9-A1A4-D36359220E5D}.ExportRelease|Any CPU.ActiveCfg = Debug|Any CPU
		{42E350A7-7AB7-40A9-A1A4-D36359220E5D}.ExportRelease|Any CPU.Build.0 = Debug|Any CPU
		{42E350A7-7AB7-40A9-A1A4-D36359220E5D}.ExportRelease|x64.ActiveCfg = ExportRelease|Any CPU
		{42E350A7-7AB7-40A9-A1A4-D36359220E5D}.ExportRelease|x64.Build.0 = ExportRelease|Any CPU
		{42E350A7-7AB7-40A9-A1A4-D36359220E5D}.ExportRelease|x86.ActiveCfg = ExportRelease|Any CPU
		{42E350A7-7AB7-40A9-A1A4-D36359220E5D}.ExportRelease|x86.Build.0 = ExportRelease|Any CPU
		{42E350A7-7AB7-40A9-A1A4-D36359220E5D}.Release|Any CPU.ActiveCfg = Release|Any CPU
		{42E350A7-7AB7-40A9-A1A4-D36359220E5D}.Release|Any CPU.Build.0 = Release|Any CPU
		{42E350A7-7AB7-40A9-A1A4-D36359220E5D}.Release|x64.ActiveCfg = Release|Any CPU
		{42E350A7-7AB7-40A9-A1A4-D36359220E5D}.Release|x64.Build.0 = Release|Any CPU
		{42E350A7-7AB7-40A9-A1A4-D36359220E5D}.Release|x86.ActiveCfg = Release|Any CPU
		{42E350A7-7AB7-40A9-A1A4-D36359220E5D}.Release|x86.Build.0 = Release|Any CPU
		{66DE3090-BC9B-436E-9156-7CC8EAB0B83A}.Debug|Any CPU.ActiveCfg = Debug|Any CPU
		{66DE3090-BC9B-436E-9156-7CC8EAB0B83A}.Debug|Any CPU.Build.0 = Debug|Any CPU
		{66DE3090-BC9B-436E-9156-7CC8EAB0B83A}.Debug|x64.ActiveCfg = Debug|Any CPU
		{66DE3090-BC9B-436E-9156-7CC8EAB0B83A}.Debug|x64.Build.0 = Debug|Any CPU
		{66DE3090-BC9B-436E-9156-7CC8EAB0B83A}.Debug|x86.ActiveCfg = Debug|Any CPU
		{66DE3090-BC9B-436E-9156-7CC8EAB0B83A}.Debug|x86.Build.0 = Debug|Any CPU
		{66DE3090-BC9B-436E-9156-7CC8EAB0B83A}.ExportDebug|Any CPU.ActiveCfg = Debug|Any CPU
		{66DE3090-BC9B-436E-9156-7CC8EAB0B83A}.ExportDebug|Any CPU.Build.0 = Debug|Any CPU
		{66DE3090-BC9B-436E-9156-7CC8EAB0B83A}.ExportDebug|x64.ActiveCfg = ExportDebug|Any CPU
		{66DE3090-BC9B-436E-9156-7CC8EAB0B83A}.ExportDebug|x64.Build.0 = ExportDebug|Any CPU
		{66DE3090-BC9B-436E-9156-7CC8EAB0B83A}.ExportDebug|x86.ActiveCfg = ExportDebug|Any CPU
		{66DE3090-BC9B-436E-9156-7CC8EAB0B83A}.ExportDebug|x86.Build.0 = ExportDebug|Any CPU
		{66DE3090-BC9B-436E-9156-7CC8EAB0B83A}.ExportRelease|Any CPU.ActiveCfg = Debug|Any CPU
		{66DE3090-BC9B-436E-9156-7CC8EAB0B83A}.ExportRelease|Any CPU.Build.0 = Debug|Any CPU
		{66DE3090-BC9B-436E-9156-7CC8EAB0B83A}.ExportRelease|x64.ActiveCfg = ExportRelease|Any CPU
		{66DE3090-BC9B-436E-9156-7CC8EAB0B83A}.ExportRelease|x64.Build.0 = ExportRelease|Any CPU
		{66DE3090-BC9B-436E-9156-7CC8EAB0B83A}.ExportRelease|x86.ActiveCfg = ExportRelease|Any CPU
		{66DE3090-BC9B-436E-9156-7CC8EAB0B83A}.ExportRelease|x86.Build.0 = ExportRelease|Any CPU
		{66DE3090-BC9B-436E-9156-7CC8EAB0B83A}.Release|Any CPU.ActiveCfg = Release|Any CPU
		{66DE3090-BC9B-436E-9156-7CC8EAB0B83A}.Release|Any CPU.Build.0 = Release|Any CPU
		{66DE3090-BC9B-436E-9156-7CC8EAB0B83A}.Release|x64.ActiveCfg = Release|Any CPU
		{66DE3090-BC9B-436E-9156-7CC8EAB0B83A}.Release|x64.Build.0 = Release|Any CPU
		{66DE3090-BC9B-436E-9156-7CC8EAB0B83A}.Release|x86.ActiveCfg = Release|Any CPU
		{66DE3090-BC9B-436E-9156-7CC8EAB0B83A}.Release|x86.Build.0 = Release|Any CPU
		{74B41870-2666-49E5-AA65-B0F6C6A8F53E}.Debug|Any CPU.ActiveCfg = Debug|Any CPU
		{74B41870-2666-49E5-AA65-B0F6C6A8F53E}.Debug|Any CPU.Build.0 = Debug|Any CPU
		{74B41870-2666-49E5-AA65-B0F6C6A8F53E}.Debug|x64.ActiveCfg = Debug|Any CPU
		{74B41870-2666-49E5-AA65-B0F6C6A8F53E}.Debug|x64.Build.0 = Debug|Any CPU
		{74B41870-2666-49E5-AA65-B0F6C6A8F53E}.Debug|x86.ActiveCfg = Debug|Any CPU
		{74B41870-2666-49E5-AA65-B0F6C6A8F53E}.Debug|x86.Build.0 = Debug|Any CPU
		{74B41870-2666-49E5-AA65-B0F6C6A8F53E}.ExportDebug|Any CPU.ActiveCfg = Debug|Any CPU
		{74B41870-2666-49E5-AA65-B0F6C6A8F53E}.ExportDebug|Any CPU.Build.0 = Debug|Any CPU
		{74B41870-2666-49E5-AA65-B0F6C6A8F53E}.ExportDebug|x64.ActiveCfg = ExportDebug|Any CPU
		{74B41870-2666-49E5-AA65-B0F6C6A8F53E}.ExportDebug|x64.Build.0 = ExportDebug|Any CPU
		{74B41870-2666-49E5-AA65-B0F6C6A8F53E}.ExportDebug|x86.ActiveCfg = ExportDebug|Any CPU
		{74B41870-2666-49E5-AA65-B0F6C6A8F53E}.ExportDebug|x86.Build.0 = ExportDebug|Any CPU
		{74B41870-2666-49E5-AA65-B0F6C6A8F53E}.ExportRelease|Any CPU.ActiveCfg = Debug|Any CPU
		{74B41870-2666-49E5-AA65-B0F6C6A8F53E}.ExportRelease|Any CPU.Build.0 = Debug|Any CPU
		{74B41870-2666-49E5-AA65-B0F6C6A8F53E}.ExportRelease|x64.ActiveCfg = ExportRelease|Any CPU
		{74B41870-2666-49E5-AA65-B0F6C6A8F53E}.ExportRelease|x64.Build.0 = ExportRelease|Any CPU
		{74B41870-2666-49E5-AA65-B0F6C6A8F53E}.ExportRelease|x86.ActiveCfg = ExportRelease|Any CPU
		{74B41870-2666-49E5-AA65-B0F6C6A8F53E}.ExportRelease|x86.Build.0 = ExportRelease|Any CPU
		{74B41870-2666-49E5-AA65-B0F6C6A8F53E}.Release|Any CPU.ActiveCfg = Release|Any CPU
		{74B41870-2666-49E5-AA65-B0F6C6A8F53E}.Release|Any CPU.Build.0 = Release|Any CPU
		{74B41870-2666-49E5-AA65-B0F6C6A8F53E}.Release|x64.ActiveCfg = Release|Any CPU
		{74B41870-2666-49E5-AA65-B0F6C6A8F53E}.Release|x64.Build.0 = Release|Any CPU
		{74B41870-2666-49E5-AA65-B0F6C6A8F53E}.Release|x86.ActiveCfg = Release|Any CPU
		{74B41870-2666-49E5-AA65-B0F6C6A8F53E}.Release|x86.Build.0 = Release|Any CPU
		{1C525797-6215-4E6B-B66B-7273F137F981}.Debug|Any CPU.ActiveCfg = Debug|Any CPU
		{1C525797-6215-4E6B-B66B-7273F137F981}.Debug|Any CPU.Build.0 = Debug|Any CPU
		{1C525797-6215-4E6B-B66B-7273F137F981}.Debug|x64.ActiveCfg = Debug|Any CPU
		{1C525797-6215-4E6B-B66B-7273F137F981}.Debug|x64.Build.0 = Debug|Any CPU
		{1C525797-6215-4E6B-B66B-7273F137F981}.Debug|x86.ActiveCfg = Debug|Any CPU
		{1C525797-6215-4E6B-B66B-7273F137F981}.Debug|x86.Build.0 = Debug|Any CPU
		{1C525797-6215-4E6B-B66B-7273F137F981}.ExportDebug|Any CPU.ActiveCfg = Debug|Any CPU
		{1C525797-6215-4E6B-B66B-7273F137F981}.ExportDebug|Any CPU.Build.0 = Debug|Any CPU
		{1C525797-6215-4E6B-B66B-7273F137F981}.ExportDebug|x64.ActiveCfg = Debug|Any CPU
		{1C525797-6215-4E6B-B66B-7273F137F981}.ExportDebug|x64.Build.0 = Debug|Any CPU
		{1C525797-6215-4E6B-B66B-7273F137F981}.ExportDebug|x86.ActiveCfg = Debug|Any CPU
		{1C525797-6215-4E6B-B66B-7273F137F981}.ExportDebug|x86.Build.0 = Debug|Any CPU
		{1C525797-6215-4E6B-B66B-7273F137F981}.ExportRelease|Any CPU.ActiveCfg = Debug|Any CPU
		{1C525797-6215-4E6B-B66B-7273F137F981}.ExportRelease|Any CPU.Build.0 = Debug|Any CPU
		{1C525797-6215-4E6B-B66B-7273F137F981}.ExportRelease|x64.ActiveCfg = Debug|Any CPU
		{1C525797-6215-4E6B-B66B-7273F137F981}.ExportRelease|x64.Build.0 = Debug|Any CPU
		{1C525797-6215-4E6B-B66B-7273F137F981}.ExportRelease|x86.ActiveCfg = Debug|Any CPU
		{1C525797-6215-4E6B-B66B-7273F137F981}.ExportRelease|x86.Build.0 = Debug|Any CPU
		{1C525797-6215-4E6B-B66B-7273F137F981}.Release|Any CPU.ActiveCfg = Release|Any CPU
		{1C525797-6215-4E6B-B66B-7273F137F981}.Release|Any CPU.Build.0 = Release|Any CPU
		{1C525797-6215-4E6B-B66B-7273F137F981}.Release|x64.ActiveCfg = Release|Any CPU
		{1C525797-6215-4E6B-B66B-7273F137F981}.Release|x64.Build.0 = Release|Any CPU
		{1C525797-6215-4E6B-B66B-7273F137F981}.Release|x86.ActiveCfg = Release|Any CPU
		{1C525797-6215-4E6B-B66B-7273F137F981}.Release|x86.Build.0 = Release|Any CPU
		{67F2F205-26DC-4F9D-8923-A9BBE592DC83}.Debug|Any CPU.ActiveCfg = Debug|Any CPU
		{67F2F205-26DC-4F9D-8923-A9BBE592DC83}.Debug|Any CPU.Build.0 = Debug|Any CPU
		{67F2F205-26DC-4F9D-8923-A9BBE592DC83}.Debug|x64.ActiveCfg = Debug|Any CPU
		{67F2F205-26DC-4F9D-8923-A9BBE592DC83}.Debug|x64.Build.0 = Debug|Any CPU
		{67F2F205-26DC-4F9D-8923-A9BBE592DC83}.Debug|x86.ActiveCfg = Debug|Any CPU
		{67F2F205-26DC-4F9D-8923-A9BBE592DC83}.Debug|x86.Build.0 = Debug|Any CPU
		{67F2F205-26DC-4F9D-8923-A9BBE592DC83}.ExportDebug|Any CPU.ActiveCfg = Debug|Any CPU
		{67F2F205-26DC-4F9D-8923-A9BBE592DC83}.ExportDebug|Any CPU.Build.0 = Debug|Any CPU
		{67F2F205-26DC-4F9D-8923-A9BBE592DC83}.ExportDebug|x64.ActiveCfg = Debug|Any CPU
		{67F2F205-26DC-4F9D-8923-A9BBE592DC83}.ExportDebug|x64.Build.0 = Debug|Any CPU
		{67F2F205-26DC-4F9D-8923-A9BBE592DC83}.ExportDebug|x86.ActiveCfg = Debug|Any CPU
		{67F2F205-26DC-4F9D-8923-A9BBE592DC83}.ExportDebug|x86.Build.0 = Debug|Any CPU
		{67F2F205-26DC-4F9D-8923-A9BBE592DC83}.ExportRelease|Any CPU.ActiveCfg = Debug|Any CPU
		{67F2F205-26DC-4F9D-8923-A9BBE592DC83}.ExportRelease|Any CPU.Build.0 = Debug|Any CPU
		{67F2F205-26DC-4F9D-8923-A9BBE592DC83}.ExportRelease|x64.ActiveCfg = Debug|Any CPU
		{67F2F205-26DC-4F9D-8923-A9BBE592DC83}.ExportRelease|x64.Build.0 = Debug|Any CPU
		{67F2F205-26DC-4F9D-8923-A9BBE592DC83}.ExportRelease|x86.ActiveCfg = Debug|Any CPU
		{67F2F205-26DC-4F9D-8923-A9BBE592DC83}.ExportRelease|x86.Build.0 = Debug|Any CPU
		{67F2F205-26DC-4F9D-8923-A9BBE592DC83}.Release|Any CPU.ActiveCfg = Release|Any CPU
		{67F2F205-26DC-4F9D-8923-A9BBE592DC83}.Release|Any CPU.Build.0 = Release|Any CPU
		{67F2F205-26DC-4F9D-8923-A9BBE592DC83}.Release|x64.ActiveCfg = Release|Any CPU
		{67F2F205-26DC-4F9D-8923-A9BBE592DC83}.Release|x64.Build.0 = Release|Any CPU
		{67F2F205-26DC-4F9D-8923-A9BBE592DC83}.Release|x86.ActiveCfg = Release|Any CPU
		{67F2F205-26DC-4F9D-8923-A9BBE592DC83}.Release|x86.Build.0 = Release|Any CPU
	EndGlobalSection
	GlobalSection(SolutionProperties) = preSolution
		HideSolutionNode = FALSE
	EndGlobalSection
	GlobalSection(NestedProjects) = preSolution
		{1C525797-6215-4E6B-B66B-7273F137F981} = {07C2787E-EAC7-C090-1BA3-A61EC2A24D84}
		{67F2F205-26DC-4F9D-8923-A9BBE592DC83} = {07C2787E-EAC7-C090-1BA3-A61EC2A24D84}
	EndGlobalSection
EndGlobal
