
Microsoft Visual Studio Solution File, Format Version 12.00
Project("{FAE04EC0-301F-11D3-BF4B-00C04F79EFBC}") = "PacketLogViewer", "PacketLogViewer.csproj", "{C1D478B9-79BD-4ADF-9A7B-7E55FF171EFB}"
EndProject
Project("{FAE04EC0-301F-11D3-BF4B-00C04F79EFBC}") = "ObjectPacketTools", "..\ObjectPacketTools\ObjectPacketTools.csproj", "{B15570A9-F597-4DD9-9FFF-0B0008ABE895}"
EndProject
Project("{FAE04EC0-301F-11D3-BF4B-00C04F79EFBC}") = "SphereHelpers", "..\SphereHelpers\SphereHelpers.csproj", "{5E3B7F70-99EE-4354-A716-C91770A2AAAA}"
EndProject
Global
	GlobalSection(SolutionConfigurationPlatforms) = preSolution
		Debug|Any CPU = Debug|Any CPU
		Release|Any CPU = Release|Any CPU
	EndGlobalSection
	GlobalSection(ProjectConfigurationPlatforms) = postSolution
		{C1D478B9-79BD-4ADF-9A7B-7E55FF171EFB}.Debug|Any CPU.ActiveCfg = Debug|Any CPU
		{C1D478B9-79BD-4ADF-9A7B-7E55FF171EFB}.Debug|Any CPU.Build.0 = Debug|Any CPU
		{C1D478B9-79BD-4ADF-9A7B-7E55FF171EFB}.Release|Any CPU.ActiveCfg = Release|Any CPU
		{C1D478B9-79BD-4ADF-9A7B-7E55FF171EFB}.Release|Any CPU.Build.0 = Release|Any CPU
		{B15570A9-F597-4DD9-9FFF-0B0008ABE895}.Debug|Any CPU.ActiveCfg = Debug|Any CPU
		{B15570A9-F597-4DD9-9FFF-0B0008ABE895}.Debug|Any CPU.Build.0 = Debug|Any CPU
		{B15570A9-F597-4DD9-9FFF-0B0008ABE895}.Release|Any CPU.ActiveCfg = Release|Any CPU
		{B15570A9-F597-4DD9-9FFF-0B0008ABE895}.Release|Any CPU.Build.0 = Release|Any CPU
		{5E3B7F70-99EE-4354-A716-C91770A2AAAA}.Debug|Any CPU.ActiveCfg = Debug|Any CPU
		{5E3B7F70-99EE-4354-A716-C91770A2AAAA}.Debug|Any CPU.Build.0 = Debug|Any CPU
		{5E3B7F70-99EE-4354-A716-C91770A2AAAA}.Release|Any CPU.ActiveCfg = Release|Any CPU
		{5E3B7F70-99EE-4354-A716-C91770A2AAAA}.Release|Any CPU.Build.0 = Release|Any CPU
	EndGlobalSection
EndGlobal
