Microsoft Visual Studio Solution File, Format Version 12.00
# Visual Studio 2012
Project("{FAE04EC0-301F-11D3-BF4B-00C04F79EFBC}") = "SphServer", "SphServer.csproj", "{1614BE6D-811E-499B-9A1A-9DCA77CBDB5E}"
EndProject
Project("{FAE04EC0-301F-11D3-BF4B-00C04F79EFBC}") = "SphObjectDb", "..\..\source\SphObjectDb\SphObjectDb.csproj", "{D0341E9D-7901-4A92-A9D9-EEEC28BCB8FE}"
EndProject
Project("{FAE04EC0-301F-11D3-BF4B-00C04F79EFBC}") = "SphGameObject", "..\..\source\SphGameObject\SphGameObject.csproj", "{B08B19C1-0388-47C1-8639-3F78E62155FA}"
EndProject
Project("{FAE04EC0-301F-11D3-BF4B-00C04F79EFBC}") = "BitStream", "..\..\source\BitStream\BitStream.csproj", "{7F9B3E21-7824-4F77-9F6C-A9D31E3204D5}"
EndProject
Project("{FAE04EC0-301F-11D3-BF4B-00C04F79EFBC}") = "ObjectPacketTools", "..\..\source\ObjectPacketTools\ObjectPacketTools.csproj", "{7EDDA7CB-43C4-451D-87FD-D77BAE969787}"
EndProject
Project("{FAE04EC0-301F-11D3-BF4B-00C04F79EFBC}") = "LiteDB", "..\..\source\LiteDB\LiteDB\LiteDB.csproj", "{8B668485-B268-4E12-9EAF-3671A80D436C}"
EndProject
Project("{FAE04EC0-301F-11D3-BF4B-00C04F79EFBC}") = "Newtonsoft.Json", "..\..\source\Newtonsoft.Json\Src\Newtonsoft.Json\Newtonsoft.Json.csproj", "{CD67B853-60F6-4959-91A5-49D34813BE33}"
EndProject
Global
	GlobalSection(SolutionConfigurationPlatforms) = preSolution
	Debug|Any CPU = Debug|Any CPU
	ExportDebug|Any CPU = ExportDebug|Any CPU
	ExportRelease|Any CPU = ExportRelease|Any CPU
	EndGlobalSection
	GlobalSection(ProjectConfigurationPlatforms) = postSolution
		{1614BE6D-811E-499B-9A1A-9DCA77CBDB5E}.Debug|Any CPU.ActiveCfg = Debug|Any CPU
		{1614BE6D-811E-499B-9A1A-9DCA77CBDB5E}.Debug|Any CPU.Build.0 = Debug|Any CPU
		{1614BE6D-811E-499B-9A1A-9DCA77CBDB5E}.ExportDebug|Any CPU.ActiveCfg = ExportDebug|Any CPU
		{1614BE6D-811E-499B-9A1A-9DCA77CBDB5E}.ExportDebug|Any CPU.Build.0 = ExportDebug|Any CPU
		{1614BE6D-811E-499B-9A1A-9DCA77CBDB5E}.ExportRelease|Any CPU.ActiveCfg = ExportRelease|Any CPU
		{1614BE6D-811E-499B-9A1A-9DCA77CBDB5E}.ExportRelease|Any CPU.Build.0 = ExportRelease|Any CPU
		{D0341E9D-7901-4A92-A9D9-EEEC28BCB8FE}.Debug|Any CPU.ActiveCfg = Debug|Any CPU
		{D0341E9D-7901-4A92-A9D9-EEEC28BCB8FE}.Debug|Any CPU.Build.0 = Debug|Any CPU
		{D0341E9D-7901-4A92-A9D9-EEEC28BCB8FE}.ExportDebug|Any CPU.ActiveCfg = Debug|Any CPU
		{D0341E9D-7901-4A92-A9D9-EEEC28BCB8FE}.ExportDebug|Any CPU.Build.0 = Debug|Any CPU
		{D0341E9D-7901-4A92-A9D9-EEEC28BCB8FE}.ExportRelease|Any CPU.ActiveCfg = Debug|Any CPU
		{D0341E9D-7901-4A92-A9D9-EEEC28BCB8FE}.ExportRelease|Any CPU.Build.0 = Debug|Any CPU
		{B08B19C1-0388-47C1-8639-3F78E62155FA}.Debug|Any CPU.ActiveCfg = Debug|Any CPU
		{B08B19C1-0388-47C1-8639-3F78E62155FA}.Debug|Any CPU.Build.0 = Debug|Any CPU
		{B08B19C1-0388-47C1-8639-3F78E62155FA}.ExportDebug|Any CPU.ActiveCfg = Debug|Any CPU
		{B08B19C1-0388-47C1-8639-3F78E62155FA}.ExportDebug|Any CPU.Build.0 = Debug|Any CPU
		{B08B19C1-0388-47C1-8639-3F78E62155FA}.ExportRelease|Any CPU.ActiveCfg = Debug|Any CPU
		{B08B19C1-0388-47C1-8639-3F78E62155FA}.ExportRelease|Any CPU.Build.0 = Debug|Any CPU
		{7F9B3E21-7824-4F77-9F6C-A9D31E3204D5}.Debug|Any CPU.ActiveCfg = Debug|Any CPU
		{7F9B3E21-7824-4F77-9F6C-A9D31E3204D5}.Debug|Any CPU.Build.0 = Debug|Any CPU
		{7F9B3E21-7824-4F77-9F6C-A9D31E3204D5}.ExportDebug|Any CPU.ActiveCfg = Debug|Any CPU
		{7F9B3E21-7824-4F77-9F6C-A9D31E3204D5}.ExportDebug|Any CPU.Build.0 = Debug|Any CPU
		{7F9B3E21-7824-4F77-9F6C-A9D31E3204D5}.ExportRelease|Any CPU.ActiveCfg = Debug|Any CPU
		{7F9B3E21-7824-4F77-9F6C-A9D31E3204D5}.ExportRelease|Any CPU.Build.0 = Debug|Any CPU
		{7EDDA7CB-43C4-451D-87FD-D77BAE969787}.Debug|Any CPU.ActiveCfg = Debug|Any CPU
		{7EDDA7CB-43C4-451D-87FD-D77BAE969787}.Debug|Any CPU.Build.0 = Debug|Any CPU
		{7EDDA7CB-43C4-451D-87FD-D77BAE969787}.ExportDebug|Any CPU.ActiveCfg = Debug|Any CPU
		{7EDDA7CB-43C4-451D-87FD-D77BAE969787}.ExportDebug|Any CPU.Build.0 = Debug|Any CPU
		{7EDDA7CB-43C4-451D-87FD-D77BAE969787}.ExportRelease|Any CPU.ActiveCfg = Debug|Any CPU
		{7EDDA7CB-43C4-451D-87FD-D77BAE969787}.ExportRelease|Any CPU.Build.0 = Debug|Any CPU
		{8B668485-B268-4E12-9EAF-3671A80D436C}.Debug|Any CPU.ActiveCfg = Debug|Any CPU
		{8B668485-B268-4E12-9EAF-3671A80D436C}.Debug|Any CPU.Build.0 = Debug|Any CPU
		{8B668485-B268-4E12-9EAF-3671A80D436C}.ExportDebug|Any CPU.ActiveCfg = Debug|Any CPU
		{8B668485-B268-4E12-9EAF-3671A80D436C}.ExportDebug|Any CPU.Build.0 = Debug|Any CPU
		{8B668485-B268-4E12-9EAF-3671A80D436C}.ExportRelease|Any CPU.ActiveCfg = Debug|Any CPU
		{8B668485-B268-4E12-9EAF-3671A80D436C}.ExportRelease|Any CPU.Build.0 = Debug|Any CPU
		{CD67B853-60F6-4959-91A5-49D34813BE33}.Debug|Any CPU.ActiveCfg = Debug|Any CPU
		{CD67B853-60F6-4959-91A5-49D34813BE33}.Debug|Any CPU.Build.0 = Debug|Any CPU
		{CD67B853-60F6-4959-91A5-49D34813BE33}.ExportDebug|Any CPU.ActiveCfg = Debug|Any CPU
		{CD67B853-60F6-4959-91A5-49D34813BE33}.ExportDebug|Any CPU.Build.0 = Debug|Any CPU
		{CD67B853-60F6-4959-91A5-49D34813BE33}.ExportRelease|Any CPU.ActiveCfg = Debug|Any CPU
		{CD67B853-60F6-4959-91A5-49D34813BE33}.ExportRelease|Any CPU.Build.0 = Debug|Any CPU
	EndGlobalSection
EndGlobal
