
Microsoft Visual Studio Solution File, Format Version 12.00
# Visual Studio Version 17
VisualStudioVersion = 17.10.34804.81
MinimumVisualStudioVersion = 10.0.40219.1
Project("{9A19103F-16F7-4668-BE54-9A1E7A4F7556}") = "Sphere.Godot", "Sphere.Godot\Sphere.Godot.csproj", "{B2C11F4C-8644-403B-906A-AC867A5CE953}"
EndProject
Project("{9A19103F-16F7-4668-BE54-9A1E7A4F7556}") = "Sphere.Common", "Sphere.Common\Sphere.Common.csproj", "{24ACC0C0-F93C-44C6-9BA2-E1FF2CE491DA}"
EndProject
Project("{9A19103F-16F7-4668-BE54-9A1E7A4F7556}") = "Sphere.Services", "Sphere.Client\Sphere.Services.csproj", "{0989B3A2-8D05-440F-BFD0-A90AFA54D7E4}"
EndProject
Project("{2150E333-8FDC-42A3-9474-1A3956D46DE8}") = "test", "test", "{9522B99B-1FDC-4E63-B2FB-113EB51929AF}"
EndProject
Project("{2150E333-8FDC-42A3-9474-1A3956D46DE8}") = "GodotFiles", "GodotFiles", "{12FA0C7B-C0EA-4703-AAA3-7633A0F981A5}"
	ProjectSection(SolutionItems) = preProject
		Sphere.Godot\Client.tscn = Sphere.Godot\Client.tscn
		Sphere.Godot\MainServer.tscn = Sphere.Godot\MainServer.tscn
		Sphere.Godot\project.godot = Sphere.Godot\project.godot
	EndProjectSection
EndProject
Project("{9A19103F-16F7-4668-BE54-9A1E7A4F7556}") = "Sphere.Test.Unit", "Sphere.Test.Unit\Sphere.Test.Unit.csproj", "{0050008F-AF94-4A38-AEA7-1D7560EB4488}"
EndProject
Project("{9A19103F-16F7-4668-BE54-9A1E7A4F7556}") = "Sphere.Test.Common", "Sphere.Test.Common\Sphere.Test.Common.csproj", "{1C9A1B23-24D1-44E4-AEB8-EA83F8360B45}"
EndProject
Project("{9A19103F-16F7-4668-BE54-9A1E7A4F7556}") = "Sphere.Repository", "Sphere.Repository\Sphere.Repository.csproj", "{D0139E25-5042-4C83-9259-015987DAAFE1}"
EndProject
Project("{2150E333-8FDC-42A3-9474-1A3956D46DE8}") = "Packets", "Packets", "{02EA681E-C7D8-13C7-8484-4AC65E1B71E8}"
	ProjectSection(SolutionItems) = preProject
		PacketDefinitions\0x0400F401.spd = PacketDefinitions\0x0400F401.spd
		PacketDefinitions\0x0400F401.spdp = PacketDefinitions\0x0400F401.spdp
		PacketDefinitions\action_0x14.spdp = PacketDefinitions\action_0x14.spdp
		PacketDefinitions\alchemy_resource_ground.spdp = PacketDefinitions\alchemy_resource_ground.spdp
		PacketDefinitions\change_target_health.spdp = PacketDefinitions\change_target_health.spdp
		PacketDefinitions\chest_in_dungeon.spdp = PacketDefinitions\chest_in_dungeon.spdp
		PacketDefinitions\count.spdp = PacketDefinitions\count.spdp
		PacketDefinitions\delimiter.spdp = PacketDefinitions\delimiter.spdp
		PacketDefinitions\despawn.spdp = PacketDefinitions\despawn.spdp
		PacketDefinitions\despawn_with_delimiter.spdp = PacketDefinitions\despawn_with_delimiter.spdp
		PacketDefinitions\door_entrance.spdp = PacketDefinitions\door_entrance.spdp
		PacketDefinitions\door_entrance_tp.spdp = PacketDefinitions\door_entrance_tp.spdp
		PacketDefinitions\door_test.spdp = PacketDefinitions\door_test.spdp
		PacketDefinitions\dungeon_entrance.spdp = PacketDefinitions\dungeon_entrance.spdp
		PacketDefinitions\empty.spd = PacketDefinitions\empty.spd
		PacketDefinitions\entity_alchemyfurnace.spdp = PacketDefinitions\entity_alchemyfurnace.spdp
		PacketDefinitions\entity_header.spdp = PacketDefinitions\entity_header.spdp
		PacketDefinitions\entity_header_only.spd = PacketDefinitions\entity_header_only.spd
		PacketDefinitions\entity_killed.spdp = PacketDefinitions\entity_killed.spdp
		PacketDefinitions\entity_monster.spdp = PacketDefinitions\entity_monster.spdp
		PacketDefinitions\entity_move.spdp = PacketDefinitions\entity_move.spdp
		PacketDefinitions\entity_with_coords.spdp = PacketDefinitions\entity_with_coords.spdp
		PacketDefinitions\header_with_action_type.spdp = PacketDefinitions\header_with_action_type.spdp
		PacketDefinitions\item.spdp = PacketDefinitions\item.spdp
		PacketDefinitions\item_alchemypot.spdp = PacketDefinitions\item_alchemypot.spdp
		PacketDefinitions\item_alchemy_counted.spdp = PacketDefinitions\item_alchemy_counted.spdp
		PacketDefinitions\item_amulet.spdp = PacketDefinitions\item_amulet.spdp
		PacketDefinitions\item_apple.spdp = PacketDefinitions\item_apple.spdp
		PacketDefinitions\item_armor_integrity_pa.spdp = PacketDefinitions\item_armor_integrity_pa.spdp
		PacketDefinitions\item_arrows_counted.spdp = PacketDefinitions\item_arrows_counted.spdp
		PacketDefinitions\item_axe.spdp = PacketDefinitions\item_axe.spdp
		PacketDefinitions\item_backpack.spdp = PacketDefinitions\item_backpack.spdp
		PacketDefinitions\item_bag.spdp = PacketDefinitions\item_bag.spdp
		PacketDefinitions\item_bracelet.spdp = PacketDefinitions\item_bracelet.spdp
		PacketDefinitions\item_counted.spdp = PacketDefinitions\item_counted.spdp
		PacketDefinitions\item_crossbow.spdp = PacketDefinitions\item_crossbow.spdp
		PacketDefinitions\item_earstring.spdp = PacketDefinitions\item_earstring.spdp
		PacketDefinitions\item_elixir_counted.spdp = PacketDefinitions\item_elixir_counted.spdp
		PacketDefinitions\item_firework.spdp = PacketDefinitions\item_firework.spdp
		PacketDefinitions\item_food_counted.spdp = PacketDefinitions\item_food_counted.spdp
		PacketDefinitions\item_formula.spdp = PacketDefinitions\item_formula.spdp
		PacketDefinitions\item_guild.spdp = PacketDefinitions\item_guild.spdp
		PacketDefinitions\item_inkpot.spdp = PacketDefinitions\item_inkpot.spdp
		PacketDefinitions\item_key.spdp = PacketDefinitions\item_key.spdp
		PacketDefinitions\item_license_trade.spdp = PacketDefinitions\item_license_trade.spdp
		PacketDefinitions\item_mantra.spdp = PacketDefinitions\item_mantra.spdp
		PacketDefinitions\item_mantrabook.spdp = PacketDefinitions\item_mantrabook.spdp
		PacketDefinitions\item_mantrabook_great.spdp = PacketDefinitions\item_mantrabook_great.spdp
		PacketDefinitions\item_mantra_counted.spdp = PacketDefinitions\item_mantra_counted.spdp
		PacketDefinitions\item_map.spdp = PacketDefinitions\item_map.spdp
		PacketDefinitions\item_pants.spdp = PacketDefinitions\item_pants.spdp
		PacketDefinitions\item_powder_counted.spdp = PacketDefinitions\item_powder_counted.spdp
		PacketDefinitions\item_quest_boots.spdp = PacketDefinitions\item_quest_boots.spdp
		PacketDefinitions\item_quest_crossbow.spdp = PacketDefinitions\item_quest_crossbow.spdp
		PacketDefinitions\item_quest_helmet.spdp = PacketDefinitions\item_quest_helmet.spdp
		PacketDefinitions\item_quest_robe.spdp = PacketDefinitions\item_quest_robe.spdp
		PacketDefinitions\item_quest_shield.spdp = PacketDefinitions\item_quest_shield.spdp
		PacketDefinitions\item_recipebook.spdp = PacketDefinitions\item_recipebook.spdp
		PacketDefinitions\item_ring.spdp = PacketDefinitions\item_ring.spdp
		PacketDefinitions\item_ring_diamond_counted.spdp = PacketDefinitions\item_ring_diamond_counted.spdp
		PacketDefinitions\item_ring_full.spdp = PacketDefinitions\item_ring_full.spdp
		PacketDefinitions\item_ring_gold_counted.spdp = PacketDefinitions\item_ring_gold_counted.spdp
		PacketDefinitions\item_ring_half.spdp = PacketDefinitions\item_ring_half.spdp
		PacketDefinitions\item_ring_major.spdp = PacketDefinitions\item_ring_major.spdp
		PacketDefinitions\item_ring_named.spdp = PacketDefinitions\item_ring_named.spdp
		PacketDefinitions\item_ring_named_pa.spdp = PacketDefinitions\item_ring_named_pa.spdp
		PacketDefinitions\item_ring_suffixed.spdp = PacketDefinitions\item_ring_suffixed.spdp
		PacketDefinitions\item_robe_dragon_pa.spdp = PacketDefinitions\item_robe_dragon_pa.spdp
		PacketDefinitions\item_sack.spdp = PacketDefinitions\item_sack.spdp
		PacketDefinitions\item_scroll.spdp = PacketDefinitions\item_scroll.spdp
		PacketDefinitions\item_scroll_counted.spdp = PacketDefinitions\item_scroll_counted.spdp
		PacketDefinitions\item_scroll_counted_named.spdp = PacketDefinitions\item_scroll_counted_named.spdp
		PacketDefinitions\item_subtyped.spdp = PacketDefinitions\item_subtyped.spdp
		PacketDefinitions\item_subtyped_counted.spdp = PacketDefinitions\item_subtyped_counted.spdp
		PacketDefinitions\item_subtyped_tailed.spdp = PacketDefinitions\item_subtyped_tailed.spdp
		PacketDefinitions\item_sword.spdp = PacketDefinitions\item_sword.spdp
		PacketDefinitions\item_token.spdp = PacketDefinitions\item_token.spdp
		PacketDefinitions\item_token_island.spdp = PacketDefinitions\item_token_island.spdp
		PacketDefinitions\item_token_island_guest.spdp = PacketDefinitions\item_token_island_guest.spdp
		PacketDefinitions\item_token_multiuse.spdp = PacketDefinitions\item_token_multiuse.spdp
		PacketDefinitions\item_with_gameid.spdp = PacketDefinitions\item_with_gameid.spdp
		PacketDefinitions\item_with_gameid_counted.spdp = PacketDefinitions\item_with_gameid_counted.spdp
		PacketDefinitions\item_with_gameid_counted_pa.spdp = PacketDefinitions\item_with_gameid_counted_pa.spdp
		PacketDefinitions\item_with_gameid_made.spdp = PacketDefinitions\item_with_gameid_made.spdp
		PacketDefinitions\item_with_gameid_named.spdp = PacketDefinitions\item_with_gameid_named.spdp
		PacketDefinitions\item_with_gameid_pa.spdp = PacketDefinitions\item_with_gameid_pa.spdp
		PacketDefinitions\localizables.sphenum = PacketDefinitions\localizables.sphenum
		PacketDefinitions\mob.spd = PacketDefinitions\mob.spd
		PacketDefinitions\mob.spdp = PacketDefinitions\mob.spdp
		PacketDefinitions\mob_assassin.spdp = PacketDefinitions\mob_assassin.spdp
		PacketDefinitions\mob_assassins.spd = PacketDefinitions\mob_assassins.spd
		PacketDefinitions\mob_cat.spd = PacketDefinitions\mob_cat.spd
		PacketDefinitions\mob_cat.spdp = PacketDefinitions\mob_cat.spdp
		PacketDefinitions\mob_earth_sala.spdp = PacketDefinitions\mob_earth_sala.spdp
		PacketDefinitions\mob_spawner.spdp = PacketDefinitions\mob_spawner.spdp
		PacketDefinitions\mob_spawner_test.spd = PacketDefinitions\mob_spawner_test.spd
		PacketDefinitions\mob_test.spdp = PacketDefinitions\mob_test.spdp
		PacketDefinitions\monster_below_32.spdp = PacketDefinitions\monster_below_32.spdp
		PacketDefinitions\monster_full.spdp = PacketDefinitions\monster_full.spdp
		PacketDefinitions\monster_full_below_lvl_32.spdp = PacketDefinitions\monster_full_below_lvl_32.spdp
		PacketDefinitions\monster_level_1.spdp = PacketDefinitions\monster_level_1.spdp
		PacketDefinitions\monster_level_2.spdp = PacketDefinitions\monster_level_2.spdp
		PacketDefinitions\new_player_dungeon.spd = PacketDefinitions\new_player_dungeon.spd
		PacketDefinitions\new_player_dungeon_1.spd = PacketDefinitions\new_player_dungeon_1.spd
		PacketDefinitions\new_player_dungeon_3.spd = PacketDefinitions\new_player_dungeon_3.spd
		PacketDefinitions\new_player_dungeon_4.spd = PacketDefinitions\new_player_dungeon_4.spd
		PacketDefinitions\next_field_types.sphenum = PacketDefinitions\next_field_types.sphenum
		PacketDefinitions\npc_b.spdp = PacketDefinitions\npc_b.spdp
		PacketDefinitions\npc_banker.spdp = PacketDefinitions\npc_banker.spdp
		PacketDefinitions\npc_guilder.spdp = PacketDefinitions\npc_guilder.spdp
		PacketDefinitions\npc_names.sphenum = PacketDefinitions\npc_names.sphenum
		PacketDefinitions\npc_quest_degree.spdp = PacketDefinitions\npc_quest_degree.spdp
		PacketDefinitions\npc_quest_karma.spdp = PacketDefinitions\npc_quest_karma.spdp
		PacketDefinitions\npc_quest_title.spdp = PacketDefinitions\npc_quest_title.spdp
		PacketDefinitions\npc_trade.spdp = PacketDefinitions\npc_trade.spdp
		PacketDefinitions\npc_trade_magic.spdp = PacketDefinitions\npc_trade_magic.spdp
		PacketDefinitions\npc_trade_magic_old.spdp = PacketDefinitions\npc_trade_magic_old.spdp
		PacketDefinitions\npc_trade_test.spdp = PacketDefinitions\npc_trade_test.spdp
		PacketDefinitions\npc_trade_types.sphenum = PacketDefinitions\npc_trade_types.sphenum
		PacketDefinitions\npc_trade_wpon.spdp = PacketDefinitions\npc_trade_wpon.spdp
		PacketDefinitions\object_types.sphenum = PacketDefinitions\object_types.sphenum
		PacketDefinitions\optional_count.spdp = PacketDefinitions\optional_count.spdp
		PacketDefinitions\optional_pa.spdp = PacketDefinitions\optional_pa.spdp
		PacketDefinitions\sack_mob_loot.spdp = PacketDefinitions\sack_mob_loot.spdp
		PacketDefinitions\server_move_entity.spd = PacketDefinitions\server_move_entity.spd
		PacketDefinitions\server_new_trader.spd = PacketDefinitions\server_new_trader.spd
		PacketDefinitions\server_packet_header.spdp = PacketDefinitions\server_packet_header.spdp
		PacketDefinitions\spawn_action_types.sphenum = PacketDefinitions\spawn_action_types.sphenum
		PacketDefinitions\spawn_interaction_types.sphenum = PacketDefinitions\spawn_interaction_types.sphenum
		PacketDefinitions\teleport.spdp = PacketDefinitions\teleport.spdp
		PacketDefinitions\teleport_rodos.spdp = PacketDefinitions\teleport_rodos.spdp
		PacketDefinitions\teleport_with_target.spdp = PacketDefinitions\teleport_with_target.spdp
		PacketDefinitions\tournament_teleport.spdp = PacketDefinitions\tournament_teleport.spdp
		PacketDefinitions\tutorial_message.spdp = PacketDefinitions\tutorial_message.spdp
		PacketDefinitions\vendor_item_list_1.spd = PacketDefinitions\vendor_item_list_1.spd
		PacketDefinitions\vendor_item_list_1.spdp = PacketDefinitions\vendor_item_list_1.spdp
		PacketDefinitions\vendor_item_list_1_full.spd = PacketDefinitions\vendor_item_list_1_full.spd
		PacketDefinitions\vendor_item_list_2.spd = PacketDefinitions\vendor_item_list_2.spd
		PacketDefinitions\vendor_item_list_2_end.spd = PacketDefinitions\vendor_item_list_2_end.spd
		PacketDefinitions\vendor_item_list_2_end.spdp = PacketDefinitions\vendor_item_list_2_end.spdp
		PacketDefinitions\vendor_item_list_3.spd = PacketDefinitions\vendor_item_list_3.spd
		PacketDefinitions\vendor_item_slot.spdp = PacketDefinitions\vendor_item_slot.spdp
		PacketDefinitions\workshop.spdp = PacketDefinitions\workshop.spdp
	EndProjectSection
EndProject
Global
	GlobalSection(SolutionConfigurationPlatforms) = preSolution
		Debug|Any CPU = Debug|Any CPU
		ExportDebug|Any CPU = ExportDebug|Any CPU
		ExportRelease|Any CPU = ExportRelease|Any CPU
		Release|Any CPU = Release|Any CPU
	EndGlobalSection
	GlobalSection(ProjectConfigurationPlatforms) = postSolution
		{B2C11F4C-8644-403B-906A-AC867A5CE953}.Debug|Any CPU.ActiveCfg = Debug|Any CPU
		{B2C11F4C-8644-403B-906A-AC867A5CE953}.Debug|Any CPU.Build.0 = Debug|Any CPU
		{B2C11F4C-8644-403B-906A-AC867A5CE953}.ExportDebug|Any CPU.ActiveCfg = ExportDebug|Any CPU
		{B2C11F4C-8644-403B-906A-AC867A5CE953}.ExportDebug|Any CPU.Build.0 = ExportDebug|Any CPU
		{B2C11F4C-8644-403B-906A-AC867A5CE953}.ExportRelease|Any CPU.ActiveCfg = ExportRelease|Any CPU
		{B2C11F4C-8644-403B-906A-AC867A5CE953}.ExportRelease|Any CPU.Build.0 = ExportRelease|Any CPU
		{B2C11F4C-8644-403B-906A-AC867A5CE953}.Release|Any CPU.ActiveCfg = ExportRelease|Any CPU
		{B2C11F4C-8644-403B-906A-AC867A5CE953}.Release|Any CPU.Build.0 = ExportRelease|Any CPU
		{24ACC0C0-F93C-44C6-9BA2-E1FF2CE491DA}.Debug|Any CPU.ActiveCfg = Debug|Any CPU
		{24ACC0C0-F93C-44C6-9BA2-E1FF2CE491DA}.Debug|Any CPU.Build.0 = Debug|Any CPU
		{24ACC0C0-F93C-44C6-9BA2-E1FF2CE491DA}.ExportDebug|Any CPU.ActiveCfg = ExportDebug|Any CPU
		{24ACC0C0-F93C-44C6-9BA2-E1FF2CE491DA}.ExportDebug|Any CPU.Build.0 = ExportDebug|Any CPU
		{24ACC0C0-F93C-44C6-9BA2-E1FF2CE491DA}.ExportRelease|Any CPU.ActiveCfg = ExportRelease|Any CPU
		{24ACC0C0-F93C-44C6-9BA2-E1FF2CE491DA}.ExportRelease|Any CPU.Build.0 = ExportRelease|Any CPU
		{24ACC0C0-F93C-44C6-9BA2-E1FF2CE491DA}.Release|Any CPU.ActiveCfg = ExportRelease|Any CPU
		{24ACC0C0-F93C-44C6-9BA2-E1FF2CE491DA}.Release|Any CPU.Build.0 = ExportRelease|Any CPU
		{0989B3A2-8D05-440F-BFD0-A90AFA54D7E4}.Debug|Any CPU.ActiveCfg = Debug|Any CPU
		{0989B3A2-8D05-440F-BFD0-A90AFA54D7E4}.Debug|Any CPU.Build.0 = Debug|Any CPU
		{0989B3A2-8D05-440F-BFD0-A90AFA54D7E4}.ExportDebug|Any CPU.ActiveCfg = ExportDebug|Any CPU
		{0989B3A2-8D05-440F-BFD0-A90AFA54D7E4}.ExportDebug|Any CPU.Build.0 = ExportDebug|Any CPU
		{0989B3A2-8D05-440F-BFD0-A90AFA54D7E4}.ExportRelease|Any CPU.ActiveCfg = ExportRelease|Any CPU
		{0989B3A2-8D05-440F-BFD0-A90AFA54D7E4}.ExportRelease|Any CPU.Build.0 = ExportRelease|Any CPU
		{0989B3A2-8D05-440F-BFD0-A90AFA54D7E4}.Release|Any CPU.ActiveCfg = ExportRelease|Any CPU
		{0989B3A2-8D05-440F-BFD0-A90AFA54D7E4}.Release|Any CPU.Build.0 = ExportRelease|Any CPU
		{0050008F-AF94-4A38-AEA7-1D7560EB4488}.Debug|Any CPU.ActiveCfg = Debug|Any CPU
		{0050008F-AF94-4A38-AEA7-1D7560EB4488}.Debug|Any CPU.Build.0 = Debug|Any CPU
		{0050008F-AF94-4A38-AEA7-1D7560EB4488}.ExportDebug|Any CPU.ActiveCfg = Debug|Any CPU
		{0050008F-AF94-4A38-AEA7-1D7560EB4488}.ExportDebug|Any CPU.Build.0 = Debug|Any CPU
		{0050008F-AF94-4A38-AEA7-1D7560EB4488}.ExportRelease|Any CPU.ActiveCfg = Release|Any CPU
		{0050008F-AF94-4A38-AEA7-1D7560EB4488}.ExportRelease|Any CPU.Build.0 = Release|Any CPU
		{0050008F-AF94-4A38-AEA7-1D7560EB4488}.Release|Any CPU.ActiveCfg = Release|Any CPU
		{0050008F-AF94-4A38-AEA7-1D7560EB4488}.Release|Any CPU.Build.0 = Release|Any CPU
		{1C9A1B23-24D1-44E4-AEB8-EA83F8360B45}.Debug|Any CPU.ActiveCfg = Debug|Any CPU
		{1C9A1B23-24D1-44E4-AEB8-EA83F8360B45}.Debug|Any CPU.Build.0 = Debug|Any CPU
		{1C9A1B23-24D1-44E4-AEB8-EA83F8360B45}.ExportDebug|Any CPU.ActiveCfg = Debug|Any CPU
		{1C9A1B23-24D1-44E4-AEB8-EA83F8360B45}.ExportDebug|Any CPU.Build.0 = Debug|Any CPU
		{1C9A1B23-24D1-44E4-AEB8-EA83F8360B45}.ExportRelease|Any CPU.ActiveCfg = Release|Any CPU
		{1C9A1B23-24D1-44E4-AEB8-EA83F8360B45}.ExportRelease|Any CPU.Build.0 = Release|Any CPU
		{1C9A1B23-24D1-44E4-AEB8-EA83F8360B45}.Release|Any CPU.ActiveCfg = Release|Any CPU
		{1C9A1B23-24D1-44E4-AEB8-EA83F8360B45}.Release|Any CPU.Build.0 = Release|Any CPU
		{D0139E25-5042-4C83-9259-015987DAAFE1}.Debug|Any CPU.ActiveCfg = Debug|Any CPU
		{D0139E25-5042-4C83-9259-015987DAAFE1}.Debug|Any CPU.Build.0 = Debug|Any CPU
		{D0139E25-5042-4C83-9259-015987DAAFE1}.ExportDebug|Any CPU.ActiveCfg = Debug|Any CPU
		{D0139E25-5042-4C83-9259-015987DAAFE1}.ExportDebug|Any CPU.Build.0 = Debug|Any CPU
		{D0139E25-5042-4C83-9259-015987DAAFE1}.ExportRelease|Any CPU.ActiveCfg = Release|Any CPU
		{D0139E25-5042-4C83-9259-015987DAAFE1}.ExportRelease|Any CPU.Build.0 = Release|Any CPU
		{D0139E25-5042-4C83-9259-015987DAAFE1}.Release|Any CPU.ActiveCfg = Release|Any CPU
		{D0139E25-5042-4C83-9259-015987DAAFE1}.Release|Any CPU.Build.0 = Release|Any CPU
	EndGlobalSection
	GlobalSection(SolutionProperties) = preSolution
		HideSolutionNode = FALSE
	EndGlobalSection
	GlobalSection(NestedProjects) = preSolution
		{0050008F-AF94-4A38-AEA7-1D7560EB4488} = {9522B99B-1FDC-4E63-B2FB-113EB51929AF}
		{1C9A1B23-24D1-44E4-AEB8-EA83F8360B45} = {9522B99B-1FDC-4E63-B2FB-113EB51929AF}
	EndGlobalSection
	GlobalSection(ExtensibilityGlobals) = postSolution
		SolutionGuid = {8C0811D0-EE36-4FA8-8C80-EA00E6846E40}
	EndGlobalSection
EndGlobal
