
Microsoft Visual Studio Solution File, Format Version 12.00
Project("{FAE04EC0-301F-11D3-BF4B-00C04F79EFBC}") = "SphereHelpers", "SphereHelpers.csproj", "{5153CA84-BD03-44B4-B0DF-AA6D082CCC8D}"
EndProject
Global
	GlobalSection(SolutionConfigurationPlatforms) = preSolution
		Debug|Any CPU = Debug|Any CPU
		Release|Any CPU = Release|Any CPU
	EndGlobalSection
	GlobalSection(ProjectConfigurationPlatforms) = postSolution
		{5153CA84-BD03-44B4-B0DF-AA6D082CCC8D}.Debug|Any CPU.ActiveCfg = Debug|Any CPU
		{5153CA84-BD03-44B4-B0DF-AA6D082CCC8D}.Debug|Any CPU.Build.0 = Debug|Any CPU
		{5153CA84-BD03-44B4-B0DF-AA6D082CCC8D}.Release|Any CPU.ActiveCfg = Release|Any CPU
		{5153CA84-BD03-44B4-B0DF-AA6D082CCC8D}.Release|Any CPU.Build.0 = Release|Any CPU
	EndGlobalSection
EndGlobal
